{
    "_readme": [
        "This file locks the dependencies of your project to a known state",
        "Read more about it at https://getcomposer.org/doc/01-basic-usage.md#installing-dependencies",
        "This file is @generated automatically"
    ],
    "content-hash": "2c73ea6fc1eba5ffc313409ccaa3b732",
    "packages": [
        {
            "name": "egrajp/smarty-extended",
            "version": "4.5.1",
            "dist": {
                "type": "zip",
                "url": "https://git.egplusww.jp/api/packages/Composer/composer/files/egrajp%2Fsmarty-extended/4.5.1/egrajp-smarty-extended.4.5.1.zip",
                "shasum": "1461a83b478b8a34cb7b92aedb283ec673cbdc02"
            },
            "type": "library",
            "autoload": {
                "classmap": [
                    "src/"
                ]
            },
            "license": [
                "LGPL-3.0"
            ],
            "authors": [
                {
                    "name": "Clemens Schwaighofer",
                    "email": "clemens.schwaighofer@egplusww.com"
                }
            ],
            "description": "Smarty, extended with gettext, checkbox/radio labels and index numbers",
            "homepage": "https://github.com/smarty-php/smarty/",
            "keywords": [
                "templating"
            ],
            "time": "2024-03-19T10:35:55+09:00"
        },
        {
            "name": "gullevek/dotenv",
            "version": "v2.0.8",
            "source": {
                "type": "git",
                "url": "https://github.com/gullevek/dotEnv.git",
                "reference": "e29f9fcd8853a09bb89b0eb8ee555b754ecee36e"
            },
            "dist": {
                "type": "zip",
                "url": "https://api.github.com/repos/gullevek/dotEnv/zipball/e29f9fcd8853a09bb89b0eb8ee555b754ecee36e",
                "reference": "e29f9fcd8853a09bb89b0eb8ee555b754ecee36e",
                "shasum": ""
            },
            "require": {
                "php": ">=7.4.0"
            },
            "require-dev": {
                "phan/phan": "^5.4",
                "phpstan/phpstan": "^1.10",
                "phpunit/phpunit": "^9"
            },
            "type": "library",
            "autoload": {
                "psr-4": {
                    "gullevek\\dotEnv\\": "src/",
                    "gullevek\\dotenv\\": "src/"
                }
            },
            "notification-url": "https://packagist.org/downloads/",
            "license": [
                "MIT"
            ],
            "authors": [
                {
                    "name": "Clemens Schwaighofer",
                    "email": "gullevek@gullevek.org",
                    "homepage": "http://gullevek.org"
                }
            ],
            "description": "Simple .env file processing and storing in _ENV array",
            "homepage": "https://github.com/gullevek/dotEnv",
            "keywords": [
                ".env",
                "_ENV",
                "dotenv",
                "environment variables"
            ],
            "support": {
                "issues": "https://github.com/gullevek/dotEnv/issues",
                "source": "https://github.com/gullevek/dotEnv/tree/v2.0.8"
            },
            "time": "2023-03-03T00:32:02+00:00"
        },
        {
            "name": "psr/log",
            "version": "3.0.0",
            "source": {
                "type": "git",
                "url": "https://github.com/php-fig/log.git",
                "reference": "fe5ea303b0887d5caefd3d431c3e61ad47037001"
            },
            "dist": {
                "type": "zip",
                "url": "https://api.github.com/repos/php-fig/log/zipball/fe5ea303b0887d5caefd3d431c3e61ad47037001",
                "reference": "fe5ea303b0887d5caefd3d431c3e61ad47037001",
                "shasum": ""
            },
            "require": {
                "php": ">=8.0.0"
            },
            "type": "library",
            "extra": {
                "branch-alias": {
                    "dev-master": "3.x-dev"
                }
            },
            "autoload": {
                "psr-4": {
                    "Psr\\Log\\": "src"
                }
            },
            "notification-url": "https://packagist.org/downloads/",
            "license": [
                "MIT"
            ],
            "authors": [
                {
                    "name": "PHP-FIG",
                    "homepage": "https://www.php-fig.org/"
                }
            ],
            "description": "Common interface for logging libraries",
            "homepage": "https://github.com/php-fig/log",
            "keywords": [
                "log",
                "psr",
                "psr-3"
            ],
            "support": {
                "source": "https://github.com/php-fig/log/tree/3.0.0"
            },
            "time": "2021-07-14T16:46:02+00:00"
        }
    ],
    "packages-dev": [],
    "aliases": [],
    "minimum-stability": "stable",
    "stability-flags": [],
    "prefer-stable": false,
    "prefer-lowest": false,
    "platform": {
        "php": ">=8.1"
    },
    "platform-dev": [],
    "plugin-api-version": "2.6.0"
}
