{
    "_readme": [
        "This file locks the dependencies of your project to a known state",
        "Read more about it at https://getcomposer.org/doc/01-basic-usage.md#installing-dependencies",
        "This file is @generated automatically"
    ],
    "content-hash": "dc5d89075423c3c3df219079c491d91c",
    "packages": [
        {
            "name": "egrajp/corelibs-composer-all",
            "version": "7.12.1",
            "dist": {
                "type": "zip",
                "url": "https://git.egplusww.jp/api/packages/Composer/composer/files/egrajp%2Fcorelibs-composer-all/7.12.1/egrajp-corelibs-composer-all.7.12.1.zip",
                "shasum": "457089ac43cb9fff5091e163877bb56ecb868151"
            },
            "require": {
                "php": ">=8.1"
            },
            "require-dev": {
                "egrajp/smarty-extended": "^4.3",
                "phan/phan": "v5.x-dev",
                "phpstan/phpstan": "1.10.x-dev",
                "phpunit/phpunit": "^9"
            },
            "type": "library",
            "autoload": {
                "psr-4": {
                    "CoreLibs\\": "src/"
                }
            },
            "license": [
                "MIT"
            ],
            "authors": [
                {
                    "name": "Clemens Schwaighofer",
                    "email": "clemens.schwaighofer@egplusww.com"
                }
            ],
            "description": "CoreLibs in a composer package",
            "time": "2023-02-28T09:16:32+09:00"
        },
        {
            "name": "egrajp/smarty-extended",
            "version": "4.3.0",
            "dist": {
                "type": "zip",
                "url": "https://git.egplusww.jp/api/packages/Composer/composer/files/egrajp%2Fsmarty-extended/4.3.0/egrajp-smarty-extended.4.3.0.zip",
                "shasum": "d41bda35c0d52da35cf911ab0b018655a09f072b"
            },
            "type": "library",
            "autoload": {
                "classmap": [
                    "src/"
                ]
            },
            "license": [
                "LGPL-3.0"
            ],
            "authors": [
                {
                    "name": "Clemens Schwaighofer",
                    "email": "clemens.schwaighofer@egplusww.com"
                }
            ],
            "description": "Smarty, extended with gettext, checkbox/radio labels and index numbers",
            "homepage": "https://github.com/smarty-php/smarty/",
            "keywords": [
                "templating"
            ],
            "time": "2023-02-17T14:14:10+09:00"
        }
    ],
    "packages-dev": [],
    "aliases": [],
    "minimum-stability": "stable",
    "stability-flags": [],
    "prefer-stable": false,
    "prefer-lowest": false,
    "platform": [],
    "platform-dev": [],
    "plugin-api-version": "2.3.0"
}
