{
    "_readme": [
        "This file locks the dependencies of your project to a known state",
        "Read more about it at https://getcomposer.org/doc/01-basic-usage.md#installing-dependencies",
        "This file is @generated automatically"
    ],
    "content-hash": "a80d1d945e4d8202a444c05b501eaf21",
    "packages": [
        {
            "name": "egrajp/corelibs-composer-all",
            "version": "dev-master",
            "dist": {
                "type": "path",
                "url": "/storage/var/www/html/developers/clemens/core_data/composer-packages/CoreLibs-Composer-All",
                "reference": "d9b71a64b390b6fc048cb6de00bfcfc6d9a6344f"
            },
            "require": {
                "php": ">=8.1"
            },
            "require-dev": {
                "egrajp/smarty-extended": "^4.3",
                "phan/phan": "v5.x-dev",
                "phpstan/phpstan": "^1.10",
                "phpunit/phpunit": "^9",
                "vimeo/psalm": "^5.0@dev"
            },
            "type": "library",
            "autoload": {
                "psr-4": {
                    "CoreLibs\\": "src/"
                }
            },
            "license": [
                "MIT"
            ],
            "authors": [
                {
                    "name": "Clemens Schwaighofer",
                    "email": "clemens.schwaighofer@egplusww.com"
                }
            ],
            "description": "CoreLibs in a composer package",
            "transport-options": {
                "symlink": false,
                "relative": false
            }
        },
        {
            "name": "egrajp/smarty-extended",
            "version": "4.3.0",
            "dist": {
                "type": "zip",
                "url": "https://git.egplusww.jp/api/packages/Composer/composer/files/egrajp%2Fsmarty-extended/4.3.0/egrajp-smarty-extended.4.3.0.zip",
                "shasum": "d41bda35c0d52da35cf911ab0b018655a09f072b"
            },
            "type": "library",
            "autoload": {
                "classmap": [
                    "src/"
                ]
            },
            "license": [
                "LGPL-3.0"
            ],
            "authors": [
                {
                    "name": "Clemens Schwaighofer",
                    "email": "clemens.schwaighofer@egplusww.com"
                }
            ],
            "description": "Smarty, extended with gettext, checkbox/radio labels and index numbers",
            "homepage": "https://github.com/smarty-php/smarty/",
            "keywords": [
                "templating"
            ],
            "time": "2023-02-17T14:14:10+09:00"
        }
    ],
    "packages-dev": [],
    "aliases": [],
    "minimum-stability": "stable",
    "stability-flags": {
        "egrajp/corelibs-composer-all": 20
    },
    "prefer-stable": false,
    "prefer-lowest": false,
    "platform": [],
    "platform-dev": [],
    "plugin-api-version": "2.3.0"
}
